
Microsoft Visual Studio Solution File, Format Version 12.00
# Visual Studio Version 17
VisualStudioVersion = 17.4.33205.214
MinimumVisualStudioVersion = 10.0.40219.1
Project("{FAE04EC0-301F-11D3-BF4B-00C04F79EFBC}") = "Catalog.Host", "Catalog.Host\Catalog.Host.csproj", "{D3887DBD-D204-43D7-BBF2-AA0F8BF067CE}"
EndProject
Project("{2150E333-8FDC-42A3-9474-1A3956D46DE8}") = "Catalog", "Catalog", "{01E01FB7-E2B7-49B6-B4FA-CCA0B2E790C0}"
EndProject
Project("{2150E333-8FDC-42A3-9474-1A3956D46DE8}") = "SolutionItem", "SolutionItem", "{C885388F-54B3-4E6F-96DE-1753CAB7F785}"
EndProject
Global
	GlobalSection(SolutionConfigurationPlatforms) = preSolution
		Debug|Any CPU = Debug|Any CPU
		Release|Any CPU = Release|Any CPU
	EndGlobalSection
	GlobalSection(ProjectConfigurationPlatforms) = postSolution
		{D3887DBD-D204-43D7-BBF2-AA0F8BF067CE}.Debug|Any CPU.ActiveCfg = Debug|Any CPU
		{D3887DBD-D204-43D7-BBF2-AA0F8BF067CE}.Debug|Any CPU.Build.0 = Debug|Any CPU
		{D3887DBD-D204-43D7-BBF2-AA0F8BF067CE}.Release|Any CPU.ActiveCfg = Release|Any CPU
		{D3887DBD-D204-43D7-BBF2-AA0F8BF067CE}.Release|Any CPU.Build.0 = Release|Any CPU
	EndGlobalSection
	GlobalSection(SolutionProperties) = preSolution
		HideSolutionNode = FALSE
	EndGlobalSection
	GlobalSection(NestedProjects) = preSolution
		{D3887DBD-D204-43D7-BBF2-AA0F8BF067CE} = {01E01FB7-E2B7-49B6-B4FA-CCA0B2E790C0}
	EndGlobalSection
	GlobalSection(ExtensibilityGlobals) = postSolution
		SolutionGuid = {A7DECBA2-D922-482D-AF79-BD2B3A077D6D}
	EndGlobalSection
EndGlobal
